
Microsoft Visual Studio Solution File, Format Version 12.00
# Visual Studio Version 16
VisualStudioVersion = 16.0.31025.194
MinimumVisualStudioVersion = 10.0.40219.1
Project("{FAE04EC0-301F-11D3-BF4B-00C04F79EFBC}") = "VisitorManagementSystem", "VisitorManagementSystem.csproj", "{9E064CF8-4A29-4AF9-B3C4-7A92606D3B72}"
EndProject
Global
	GlobalSection(SolutionConfigurationPlatforms) = preSolution
		Debug|Any CPU = Debug|Any CPU
		Release|Any CPU = Release|Any CPU
	EndGlobalSection
	GlobalSection(ProjectConfigurationPlatforms) = postSolution
		{9E064CF8-4A29-4AF9-B3C4-7A92606D3B72}.Debug|Any CPU.ActiveCfg = Debug|Any CPU
		{9E064CF8-4A29-4AF9-B3C4-7A92606D3B72}.Debug|Any CPU.Build.0 = Debug|Any CPU
		{9E064CF8-4A29-4AF9-B3C4-7A92606D3B72}.Release|Any CPU.ActiveCfg = Release|Any CPU
		{9E064CF8-4A29-4AF9-B3C4-7A92606D3B72}.Release|Any CPU.Build.0 = Release|Any CPU
	EndGlobalSection
	GlobalSection(SolutionProperties) = preSolution
		HideSolutionNode = FALSE
	EndGlobalSection
	GlobalSection(ExtensibilityGlobals) = postSolution
		SolutionGuid = {8B2C0B17-4E0F-4E5B-9016-A8AAAB0EA546}
	EndGlobalSection
EndGlobal
